// !$*UTF8*$!
{
	archiveVersion = 1;
	classes = {
	};
	objectVersion = 56;
	objects = {

/* Begin PBXBuildFile section */
		F0DC29262B5D2C6F00966988 /* TicTacToeApp.swift in Sources */ = {isa = PBXBuildFile; fileRef = F0DC29252B5D2C6F00966988 /* TicTacToeApp.swift */; };
		F0DC29282B5D2C6F00966988 /* ContentView.swift in Sources */ = {isa = PBXBuildFile; fileRef = F0DC29272B5D2C6F00966988 /* ContentView.swift */; };
		F0DC292A2B5D2C7000966988 /* Assets.xcassets in Resources */ = {isa = PBXBuildFile; fileRef = F0DC29292B5D2C7000966988 /* Assets.xcassets */; };
		F0DC292D2B5D2C7000966988 /* Preview Assets.xcassets in Resources */ = {isa = PBXBuildFile; fileRef = F0DC292C2B5D2C7000966988 /* Preview Assets.xcassets */; };
		F0DC29372B5D2C7000966988 /* TicTacToeTests.swift in Sources */ = {isa = PBXBuildFile; fileRef = F0DC29362B5D2C7000966988 /* TicTacToeTests.swift */; };
		F0DC29412B5D2C7000966988 /* TicTacToeUITests.swift in Sources */ = {isa = PBXBuildFile; fileRef = F0DC29402B5D2C7000966988 /* TicTacToeUITests.swift */; };
		F0DC29432B5D2C7000966988 /* TicTacToeUITestsLaunchTests.swift in Sources */ = {isa = PBXBuildFile; fileRef = F0DC29422B5D2C7000966988 /* TicTacToeUITestsLaunchTests.swift */; };
		F0DC29502B5D2CC900966988 /* shapeX.swift in Sources */ = {isa = PBXBuildFile; fileRef = F0DC294F2B5D2CC900966988 /* shapeX.swift */; };
		F0DC29512B5D2CC900966988 /* shapeX.swift in Sources */ = {isa = PBXBuildFile; fileRef = F0DC294F2B5D2CC900966988 /* shapeX.swift */; };
		F0DC29522B5D2CC900966988 /* shapeX.swift in Sources */ = {isa = PBXBuildFile; fileRef = F0DC294F2B5D2CC900966988 /* shapeX.swift */; };
		F0DC29542B5D2CDA00966988 /* shapeO.swift in Sources */ = {isa = PBXBuildFile; fileRef = F0DC29532B5D2CDA00966988 /* shapeO.swift */; };
		F0DC29552B5D2CDA00966988 /* shapeO.swift in Sources */ = {isa = PBXBuildFile; fileRef = F0DC29532B5D2CDA00966988 /* shapeO.swift */; };
		F0DC29562B5D2CDA00966988 /* shapeO.swift in Sources */ = {isa = PBXBuildFile; fileRef = F0DC29532B5D2CDA00966988 /* shapeO.swift */; };
/* End PBXBuildFile section */

/* Begin PBXContainerItemProxy section */
		F0DC29332B5D2C7000966988 /* PBXContainerItemProxy */ = {
			isa = PBXContainerItemProxy;
			containerPortal = F0DC291A2B5D2C6F00966988 /* Project object */;
			proxyType = 1;
			remoteGlobalIDString = F0DC29212B5D2C6F00966988;
			remoteInfo = TicTacToe;
		};
		F0DC293D2B5D2C7000966988 /* PBXContainerItemProxy */ = {
			isa = PBXContainerItemProxy;
			containerPortal = F0DC291A2B5D2C6F00966988 /* Project object */;
			proxyType = 1;
			remoteGlobalIDString = F0DC29212B5D2C6F00966988;
			remoteInfo = TicTacToe;
		};
/* End PBXContainerItemProxy section */

/* Begin PBXFileReference section */
		F0DC29222B5D2C6F00966988 /* TicTacToe.app */ = {isa = PBXFileReference; explicitFileType = wrapper.application; includeInIndex = 0; path = TicTacToe.app; sourceTree = BUILT_PRODUCTS_DIR; };
		F0DC29252B5D2C6F00966988 /* TicTacToeApp.swift */ = {isa = PBXFileReference; lastKnownFileType = sourcecode.swift; path = TicTacToeApp.swift; sourceTree = "<group>"; };
		F0DC29272B5D2C6F00966988 /* ContentView.swift */ = {isa = PBXFileReference; lastKnownFileType = sourcecode.swift; path = ContentView.swift; sourceTree = "<group>"; };
		F0DC29292B5D2C7000966988 /* Assets.xcassets */ = {isa = PBXFileReference; lastKnownFileType = folder.assetcatalog; path = Assets.xcassets; sourceTree = "<group>"; };
		F0DC292C2B5D2C7000966988 /* Preview Assets.xcassets */ = {isa = PBXFileReference; lastKnownFileType = folder.assetcatalog; path = "Preview Assets.xcassets"; sourceTree = "<group>"; };
		F0DC29322B5D2C7000966988 /* TicTacToeTests.xctest */ = {isa = PBXFileReference; explicitFileType = wrapper.cfbundle; includeInIndex = 0; path = TicTacToeTests.xctest; sourceTree = BUILT_PRODUCTS_DIR; };
		F0DC29362B5D2C7000966988 /* TicTacToeTests.swift */ = {isa = PBXFileReference; lastKnownFileType = sourcecode.swift; path = TicTacToeTests.swift; sourceTree = "<group>"; };
		F0DC293C2B5D2C7000966988 /* TicTacToeUITests.xctest */ = {isa = PBXFileReference; explicitFileType = wrapper.cfbundle; includeInIndex = 0; path = TicTacToeUITests.xctest; sourceTree = BUILT_PRODUCTS_DIR; };
		F0DC29402B5D2C7000966988 /* TicTacToeUITests.swift */ = {isa = PBXFileReference; lastKnownFileType = sourcecode.swift; path = TicTacToeUITests.swift; sourceTree = "<group>"; };
		F0DC29422B5D2C7000966988 /* TicTacToeUITestsLaunchTests.swift */ = {isa = PBXFileReference; lastKnownFileType = sourcecode.swift; path = TicTacToeUITestsLaunchTests.swift; sourceTree = "<group>"; };
		F0DC294F2B5D2CC900966988 /* shapeX.swift */ = {isa = PBXFileReference; lastKnownFileType = sourcecode.swift; path = shapeX.swift; sourceTree = "<group>"; };
		F0DC29532B5D2CDA00966988 /* shapeO.swift */ = {isa = PBXFileReference; lastKnownFileType = sourcecode.swift; path = shapeO.swift; sourceTree = "<group>"; };
/* End PBXFileReference section */

/* Begin PBXFrameworksBuildPhase section */
		F0DC291F2B5D2C6F00966988 /* Frameworks */ = {
			isa = PBXFrameworksBuildPhase;
			buildActionMask = 2147483647;
			files = (
			);
			runOnlyForDeploymentPostprocessing = 0;
		};
		F0DC292F2B5D2C7000966988 /* Frameworks */ = {
			isa = PBXFrameworksBuildPhase;
			buildActionMask = 2147483647;
			files = (
			);
			runOnlyForDeploymentPostprocessing = 0;
		};
		F0DC29392B5D2C7000966988 /* Frameworks */ = {
			isa = PBXFrameworksBuildPhase;
			buildActionMask = 2147483647;
			files = (
			);
			runOnlyForDeploymentPostprocessing = 0;
		};
/* End PBXFrameworksBuildPhase section */

/* Begin PBXGroup section */
		F0DC29192B5D2C6F00966988 = {
			isa = PBXGroup;
			children = (
				F0DC29242B5D2C6F00966988 /* TicTacToe */,
				F0DC29352B5D2C7000966988 /* TicTacToeTests */,
				F0DC293F2B5D2C7000966988 /* TicTacToeUITests */,
				F0DC29232B5D2C6F00966988 /* Products */,
			);
			sourceTree = "<group>";
		};
		F0DC29232B5D2C6F00966988 /* Products */ = {
			isa = PBXGroup;
			children = (
				F0DC29222B5D2C6F00966988 /* TicTacToe.app */,
				F0DC29322B5D2C7000966988 /* TicTacToeTests.xctest */,
				F0DC293C2B5D2C7000966988 /* TicTacToeUITests.xctest */,
			);
			name = Products;
			sourceTree = "<group>";
		};
		F0DC29242B5D2C6F00966988 /* TicTacToe */ = {
			isa = PBXGroup;
			children = (
				F0DC29252B5D2C6F00966988 /* TicTacToeApp.swift */,
				F0DC29532B5D2CDA00966988 /* shapeO.swift */,
				F0DC294F2B5D2CC900966988 /* shapeX.swift */,
				F0DC29272B5D2C6F00966988 /* ContentView.swift */,
				F0DC29292B5D2C7000966988 /* Assets.xcassets */,
				F0DC292B2B5D2C7000966988 /* Preview Content */,
			);
			path = TicTacToe;
			sourceTree = "<group>";
		};
		F0DC292B2B5D2C7000966988 /* Preview Content */ = {
			isa = PBXGroup;
			children = (
				F0DC292C2B5D2C7000966988 /* Preview Assets.xcassets */,
			);
			path = "Preview Content";
			sourceTree = "<group>";
		};
		F0DC29352B5D2C7000966988 /* TicTacToeTests */ = {
			isa = PBXGroup;
			children = (
				F0DC29362B5D2C7000966988 /* TicTacToeTests.swift */,
			);
			path = TicTacToeTests;
			sourceTree = "<group>";
		};
		F0DC293F2B5D2C7000966988 /* TicTacToeUITests */ = {
			isa = PBXGroup;
			children = (
				F0DC29402B5D2C7000966988 /* TicTacToeUITests.swift */,
				F0DC29422B5D2C7000966988 /* TicTacToeUITestsLaunchTests.swift */,
			);
			path = TicTacToeUITests;
			sourceTree = "<group>";
		};
/* End PBXGroup section */

/* Begin PBXNativeTarget section */
		F0DC29212B5D2C6F00966988 /* TicTacToe */ = {
			isa = PBXNativeTarget;
			buildConfigurationList = F0DC29462B5D2C7000966988 /* Build configuration list for PBXNativeTarget "TicTacToe" */;
			buildPhases = (
				F0DC291E2B5D2C6F00966988 /* Sources */,
				F0DC291F2B5D2C6F00966988 /* Frameworks */,
				F0DC29202B5D2C6F00966988 /* Resources */,
			);
			buildRules = (
			);
			dependencies = (
			);
			name = TicTacToe;
			productName = TicTacToe;
			productReference = F0DC29222B5D2C6F00966988 /* TicTacToe.app */;
			productType = "com.apple.product-type.application";
		};
		F0DC29312B5D2C7000966988 /* TicTacToeTests */ = {
			isa = PBXNativeTarget;
			buildConfigurationList = F0DC29492B5D2C7000966988 /* Build configuration list for PBXNativeTarget "TicTacToeTests" */;
			buildPhases = (
				F0DC292E2B5D2C7000966988 /* Sources */,
				F0DC292F2B5D2C7000966988 /* Frameworks */,
				F0DC29302B5D2C7000966988 /* Resources */,
			);
			buildRules = (
			);
			dependencies = (
				F0DC29342B5D2C7000966988 /* PBXTargetDependency */,
			);
			name = TicTacToeTests;
			productName = TicTacToeTests;
			productReference = F0DC29322B5D2C7000966988 /* TicTacToeTests.xctest */;
			productType = "com.apple.product-type.bundle.unit-test";
		};
		F0DC293B2B5D2C7000966988 /* TicTacToeUITests */ = {
			isa = PBXNativeTarget;
			buildConfigurationList = F0DC294C2B5D2C7000966988 /* Build configuration list for PBXNativeTarget "TicTacToeUITests" */;
			buildPhases = (
				F0DC29382B5D2C7000966988 /* Sources */,
				F0DC29392B5D2C7000966988 /* Frameworks */,
				F0DC293A2B5D2C7000966988 /* Resources */,
			);
			buildRules = (
			);
			dependencies = (
				F0DC293E2B5D2C7000966988 /* PBXTargetDependency */,
			);
			name = TicTacToeUITests;
			productName = TicTacToeUITests;
			productReference = F0DC293C2B5D2C7000966988 /* TicTacToeUITests.xctest */;
			productType = "com.apple.product-type.bundle.ui-testing";
		};
/* End PBXNativeTarget section */

/* Begin PBXProject section */
		F0DC291A2B5D2C6F00966988 /* Project object */ = {
			isa = PBXProject;
			attributes = {
				BuildIndependentTargetsInParallel = 1;
				LastSwiftUpdateCheck = 1430;
				LastUpgradeCheck = 1430;
				TargetAttributes = {
					F0DC29212B5D2C6F00966988 = {
						CreatedOnToolsVersion = 14.3.1;
					};
					F0DC29312B5D2C7000966988 = {
						CreatedOnToolsVersion = 14.3.1;
						TestTargetID = F0DC29212B5D2C6F00966988;
					};
					F0DC293B2B5D2C7000966988 = {
						CreatedOnToolsVersion = 14.3.1;
						TestTargetID = F0DC29212B5D2C6F00966988;
					};
				};
			};
			buildConfigurationList = F0DC291D2B5D2C6F00966988 /* Build configuration list for PBXProject "TicTacToe" */;
			compatibilityVersion = "Xcode 14.0";
			developmentRegion = en;
			hasScannedForEncodings = 0;
			knownRegions = (
				en,
				Base,
			);
			mainGroup = F0DC29192B5D2C6F00966988;
			productRefGroup = F0DC29232B5D2C6F00966988 /* Products */;
			projectDirPath = "";
			projectRoot = "";
			targets = (
				F0DC29212B5D2C6F00966988 /* TicTacToe */,
				F0DC29312B5D2C7000966988 /* TicTacToeTests */,
				F0DC293B2B5D2C7000966988 /* TicTacToeUITests */,
			);
		};
/* End PBXProject section */

/* Begin PBXResourcesBuildPhase section */
		F0DC29202B5D2C6F00966988 /* Resources */ = {
			isa = PBXResourcesBuildPhase;
			buildActionMask = 2147483647;
			files = (
				F0DC292D2B5D2C7000966988 /* Preview Assets.xcassets in Resources */,
				F0DC292A2B5D2C7000966988 /* Assets.xcassets in Resources */,
			);
			runOnlyForDeploymentPostprocessing = 0;
		};
		F0DC29302B5D2C7000966988 /* Resources */ = {
			isa = PBXResourcesBuildPhase;
			buildActionMask = 2147483647;
			files = (
			);
			runOnlyForDeploymentPostprocessing = 0;
		};
		F0DC293A2B5D2C7000966988 /* Resources */ = {
			isa = PBXResourcesBuildPhase;
			buildActionMask = 2147483647;
			files = (
			);
			runOnlyForDeploymentPostprocessing = 0;
		};
/* End PBXResourcesBuildPhase section */

/* Begin PBXSourcesBuildPhase section */
		F0DC291E2B5D2C6F00966988 /* Sources */ = {
			isa = PBXSourcesBuildPhase;
			buildActionMask = 2147483647;
			files = (
				F0DC29502B5D2CC900966988 /* shapeX.swift in Sources */,
				F0DC29282B5D2C6F00966988 /* ContentView.swift in Sources */,
				F0DC29262B5D2C6F00966988 /* TicTacToeApp.swift in Sources */,
				F0DC29542B5D2CDA00966988 /* shapeO.swift in Sources */,
			);
			runOnlyForDeploymentPostprocessing = 0;
		};
		F0DC292E2B5D2C7000966988 /* Sources */ = {
			isa = PBXSourcesBuildPhase;
			buildActionMask = 2147483647;
			files = (
				F0DC29552B5D2CDA00966988 /* shapeO.swift in Sources */,
				F0DC29512B5D2CC900966988 /* shapeX.swift in Sources */,
				F0DC29372B5D2C7000966988 /* TicTacToeTests.swift in Sources */,
			);
			runOnlyForDeploymentPostprocessing = 0;
		};
		F0DC29382B5D2C7000966988 /* Sources */ = {
			isa = PBXSourcesBuildPhase;
			buildActionMask = 2147483647;
			files = (
				F0DC29522B5D2CC900966988 /* shapeX.swift in Sources */,
				F0DC29412B5D2C7000966988 /* TicTacToeUITests.swift in Sources */,
				F0DC29432B5D2C7000966988 /* TicTacToeUITestsLaunchTests.swift in Sources */,
				F0DC29562B5D2CDA00966988 /* shapeO.swift in Sources */,
			);
			runOnlyForDeploymentPostprocessing = 0;
		};
/* End PBXSourcesBuildPhase section */

/* Begin PBXTargetDependency section */
		F0DC29342B5D2C7000966988 /* PBXTargetDependency */ = {
			isa = PBXTargetDependency;
			target = F0DC29212B5D2C6F00966988 /* TicTacToe */;
			targetProxy = F0DC29332B5D2C7000966988 /* PBXContainerItemProxy */;
		};
		F0DC293E2B5D2C7000966988 /* PBXTargetDependency */ = {
			isa = PBXTargetDependency;
			target = F0DC29212B5D2C6F00966988 /* TicTacToe */;
			targetProxy = F0DC293D2B5D2C7000966988 /* PBXContainerItemProxy */;
		};
/* End PBXTargetDependency section */

/* Begin XCBuildConfiguration section */
		F0DC29442B5D2C7000966988 /* Debug */ = {
			isa = XCBuildConfiguration;
			buildSettings = {
				ALWAYS_SEARCH_USER_PATHS = NO;
				CLANG_ANALYZER_NONNULL = YES;
				CLANG_ANALYZER_NUMBER_OBJECT_CONVERSION = YES_AGGRESSIVE;
				CLANG_CXX_LANGUAGE_STANDARD = "gnu++20";
				CLANG_ENABLE_MODULES = YES;
				CLANG_ENABLE_OBJC_ARC = YES;
				CLANG_ENABLE_OBJC_WEAK = YES;
				CLANG_WARN_BLOCK_CAPTURE_AUTORELEASING = YES;
				CLANG_WARN_BOOL_CONVERSION = YES;
				CLANG_WARN_COMMA = YES;
				CLANG_WARN_CONSTANT_CONVERSION = YES;
				CLANG_WARN_DEPRECATED_OBJC_IMPLEMENTATIONS = YES;
				CLANG_WARN_DIRECT_OBJC_ISA_USAGE = YES_ERROR;
				CLANG_WARN_DOCUMENTATION_COMMENTS = YES;
				CLANG_WARN_EMPTY_BODY = YES;
				CLANG_WARN_ENUM_CONVERSION = YES;
				CLANG_WARN_INFINITE_RECURSION = YES;
				CLANG_WARN_INT_CONVERSION = YES;
				CLANG_WARN_NON_LITERAL_NULL_CONVERSION = YES;
				CLANG_WARN_OBJC_IMPLICIT_RETAIN_SELF = YES;
				CLANG_WARN_OBJC_LITERAL_CONVERSION = YES;
				CLANG_WARN_OBJC_ROOT_CLASS = YES_ERROR;
				CLANG_WARN_QUOTED_INCLUDE_IN_FRAMEWORK_HEADER = YES;
				CLANG_WARN_RANGE_LOOP_ANALYSIS = YES;
				CLANG_WARN_STRICT_PROTOTYPES = YES;
				CLANG_WARN_SUSPICIOUS_MOVE = YES;
				CLANG_WARN_UNGUARDED_AVAILABILITY = YES_AGGRESSIVE;
				CLANG_WARN_UNREACHABLE_CODE = YES;
				CLANG_WARN__DUPLICATE_METHOD_MATCH = YES;
				COPY_PHASE_STRIP = NO;
				DEBUG_INFORMATION_FORMAT = dwarf;
				ENABLE_STRICT_OBJC_MSGSEND = YES;
				ENABLE_TESTABILITY = YES;
				GCC_C_LANGUAGE_STANDARD = gnu11;
				GCC_DYNAMIC_NO_PIC = NO;
				GCC_NO_COMMON_BLOCKS = YES;
				GCC_OPTIMIZATION_LEVEL = 0;
				GCC_PREPROCESSOR_DEFINITIONS = (
					"DEBUG=1",
					"$(inherited)",
				);
				GCC_WARN_64_TO_32_BIT_CONVERSION = YES;
				GCC_WARN_ABOUT_RETURN_TYPE = YES_ERROR;
				GCC_WARN_UNDECLARED_SELECTOR = YES;
				GCC_WARN_UNINITIALIZED_AUTOS = YES_AGGRESSIVE;
				GCC_WARN_UNUSED_FUNCTION = YES;
				GCC_WARN_UNUSED_VARIABLE = YES;
				IPHONEOS_DEPLOYMENT_TARGET = 16.4;
				MTL_ENABLE_DEBUG_INFO = INCLUDE_SOURCE;
				MTL_FAST_MATH = YES;
				ONLY_ACTIVE_ARCH = YES;
				SDKROOT = iphoneos;
				SWIFT_ACTIVE_COMPILATION_CONDITIONS = DEBUG;
				SWIFT_OPTIMIZATION_LEVEL = "-Onone";
			};
			name = Debug;
		};
		F0DC29452B5D2C7000966988 /* Release */ = {
			isa = XCBuildConfiguration;
			buildSettings = {
				ALWAYS_SEARCH_USER_PATHS = NO;
				CLANG_ANALYZER_NONNULL = YES;
				CLANG_ANALYZER_NUMBER_OBJECT_CONVERSION = YES_AGGRESSIVE;
				CLANG_CXX_LANGUAGE_STANDARD = "gnu++20";
				CLANG_ENABLE_MODULES = YES;
				CLANG_ENABLE_OBJC_ARC = YES;
				CLANG_ENABLE_OBJC_WEAK = YES;
				CLANG_WARN_BLOCK_CAPTURE_AUTORELEASING = YES;
				CLANG_WARN_BOOL_CONVERSION = YES;
				CLANG_WARN_COMMA = YES;
				CLANG_WARN_CONSTANT_CONVERSION = YES;
				CLANG_WARN_DEPRECATED_OBJC_IMPLEMENTATIONS = YES;
				CLANG_WARN_DIRECT_OBJC_ISA_USAGE = YES_ERROR;
				CLANG_WARN_DOCUMENTATION_COMMENTS = YES;
				CLANG_WARN_EMPTY_BODY = YES;
				CLANG_WARN_ENUM_CONVERSION = YES;
				CLANG_WARN_INFINITE_RECURSION = YES;
				CLANG_WARN_INT_CONVERSION = YES;
				CLANG_WARN_NON_LITERAL_NULL_CONVERSION = YES;
				CLANG_WARN_OBJC_IMPLICIT_RETAIN_SELF = YES;
				CLANG_WARN_OBJC_LITERAL_CONVERSION = YES;
				CLANG_WARN_OBJC_ROOT_CLASS = YES_ERROR;
				CLANG_WARN_QUOTED_INCLUDE_IN_FRAMEWORK_HEADER = YES;
				CLANG_WARN_RANGE_LOOP_ANALYSIS = YES;
				CLANG_WARN_STRICT_PROTOTYPES = YES;
				CLANG_WARN_SUSPICIOUS_MOVE = YES;
				CLANG_WARN_UNGUARDED_AVAILABILITY = YES_AGGRESSIVE;
				CLANG_WARN_UNREACHABLE_CODE = YES;
				CLANG_WARN__DUPLICATE_METHOD_MATCH = YES;
				COPY_PHASE_STRIP = NO;
				DEBUG_INFORMATION_FORMAT = "dwarf-with-dsym";
				ENABLE_NS_ASSERTIONS = NO;
				ENABLE_STRICT_OBJC_MSGSEND = YES;
				GCC_C_LANGUAGE_STANDARD = gnu11;
				GCC_NO_COMMON_BLOCKS = YES;
				GCC_WARN_64_TO_32_BIT_CONVERSION = YES;
				GCC_WARN_ABOUT_RETURN_TYPE = YES_ERROR;
				GCC_WARN_UNDECLARED_SELECTOR = YES;
				GCC_WARN_UNINITIALIZED_AUTOS = YES_AGGRESSIVE;
				GCC_WARN_UNUSED_FUNCTION = YES;
				GCC_WARN_UNUSED_VARIABLE = YES;
				IPHONEOS_DEPLOYMENT_TARGET = 16.4;
				MTL_ENABLE_DEBUG_INFO = NO;
				MTL_FAST_MATH = YES;
				SDKROOT = iphoneos;
				SWIFT_COMPILATION_MODE = wholemodule;
				SWIFT_OPTIMIZATION_LEVEL = "-O";
				VALIDATE_PRODUCT = YES;
			};
			name = Release;
		};
		F0DC29472B5D2C7000966988 /* Debug */ = {
			isa = XCBuildConfiguration;
			buildSettings = {
				ASSETCATALOG_COMPILER_APPICON_NAME = AppIcon;
				ASSETCATALOG_COMPILER_GLOBAL_ACCENT_COLOR_NAME = AccentColor;
				CODE_SIGN_STYLE = Automatic;
				CURRENT_PROJECT_VERSION = 1;
				DEVELOPMENT_ASSET_PATHS = "\"TicTacToe/Preview Content\"";
				DEVELOPMENT_TEAM = 9FGCZRAZC6;
				ENABLE_PREVIEWS = YES;
				GENERATE_INFOPLIST_FILE = YES;
				INFOPLIST_KEY_UIApplicationSceneManifest_Generation = YES;
				INFOPLIST_KEY_UIApplicationSupportsIndirectInputEvents = YES;
				INFOPLIST_KEY_UILaunchScreen_Generation = YES;
				INFOPLIST_KEY_UISupportedInterfaceOrientations_iPad = "UIInterfaceOrientationPortrait UIInterfaceOrientationPortraitUpsideDown UIInterfaceOrientationLandscapeLeft UIInterfaceOrientationLandscapeRight";
				INFOPLIST_KEY_UISupportedInterfaceOrientations_iPhone = "UIInterfaceOrientationPortrait UIInterfaceOrientationLandscapeLeft UIInterfaceOrientationLandscapeRight";
				LD_RUNPATH_SEARCH_PATHS = (
					"$(inherited)",
					"@executable_path/Frameworks",
				);
				MARKETING_VERSION = 1.0;
				PRODUCT_BUNDLE_IDENTIFIER = brkdev.TicTacToe;
				PRODUCT_NAME = "$(TARGET_NAME)";
				SWIFT_EMIT_LOC_STRINGS = YES;
				SWIFT_VERSION = 5.0;
				TARGETED_DEVICE_FAMILY = "1,2";
			};
			name = Debug;
		};
		F0DC29482B5D2C7000966988 /* Release */ = {
			isa = XCBuildConfiguration;
			buildSettings = {
				ASSETCATALOG_COMPILER_APPICON_NAME = AppIcon;
				ASSETCATALOG_COMPILER_GLOBAL_ACCENT_COLOR_NAME = AccentColor;
				CODE_SIGN_STYLE = Automatic;
				CURRENT_PROJECT_VERSION = 1;
				DEVELOPMENT_ASSET_PATHS = "\"TicTacToe/Preview Content\"";
				DEVELOPMENT_TEAM = 9FGCZRAZC6;
				ENABLE_PREVIEWS = YES;
				GENERATE_INFOPLIST_FILE = YES;
				INFOPLIST_KEY_UIApplicationSceneManifest_Generation = YES;
				INFOPLIST_KEY_UIApplicationSupportsIndirectInputEvents = YES;
				INFOPLIST_KEY_UILaunchScreen_Generation = YES;
				INFOPLIST_KEY_UISupportedInterfaceOrientations_iPad = "UIInterfaceOrientationPortrait UIInterfaceOrientationPortraitUpsideDown UIInterfaceOrientationLandscapeLeft UIInterfaceOrientationLandscapeRight";
				INFOPLIST_KEY_UISupportedInterfaceOrientations_iPhone = "UIInterfaceOrientationPortrait UIInterfaceOrientationLandscapeLeft UIInterfaceOrientationLandscapeRight";
				LD_RUNPATH_SEARCH_PATHS = (
					"$(inherited)",
					"@executable_path/Frameworks",
				);
				MARKETING_VERSION = 1.0;
				PRODUCT_BUNDLE_IDENTIFIER = brkdev.TicTacToe;
				PRODUCT_NAME = "$(TARGET_NAME)";
				SWIFT_EMIT_LOC_STRINGS = YES;
				SWIFT_VERSION = 5.0;
				TARGETED_DEVICE_FAMILY = "1,2";
			};
			name = Release;
		};
		F0DC294A2B5D2C7000966988 /* Debug */ = {
			isa = XCBuildConfiguration;
			buildSettings = {
				ALWAYS_EMBED_SWIFT_STANDARD_LIBRARIES = YES;
				BUNDLE_LOADER = "$(TEST_HOST)";
				CODE_SIGN_STYLE = Automatic;
				CURRENT_PROJECT_VERSION = 1;
				DEVELOPMENT_TEAM = 9FGCZRAZC6;
				GENERATE_INFOPLIST_FILE = YES;
				IPHONEOS_DEPLOYMENT_TARGET = 16.4;
				MARKETING_VERSION = 1.0;
				PRODUCT_BUNDLE_IDENTIFIER = brkdev.TicTacToeTests;
				PRODUCT_NAME = "$(TARGET_NAME)";
				SWIFT_EMIT_LOC_STRINGS = NO;
				SWIFT_VERSION = 5.0;
				TARGETED_DEVICE_FAMILY = "1,2";
				TEST_HOST = "$(BUILT_PRODUCTS_DIR)/TicTacToe.app/$(BUNDLE_EXECUTABLE_FOLDER_PATH)/TicTacToe";
			};
			name = Debug;
		};
		F0DC294B2B5D2C7000966988 /* Release */ = {
			isa = XCBuildConfiguration;
			buildSettings = {
				ALWAYS_EMBED_SWIFT_STANDARD_LIBRARIES = YES;
				BUNDLE_LOADER = "$(TEST_HOST)";
				CODE_SIGN_STYLE = Automatic;
				CURRENT_PROJECT_VERSION = 1;
				DEVELOPMENT_TEAM = 9FGCZRAZC6;
				GENERATE_INFOPLIST_FILE = YES;
				IPHONEOS_DEPLOYMENT_TARGET = 16.4;
				MARKETING_VERSION = 1.0;
				PRODUCT_BUNDLE_IDENTIFIER = brkdev.TicTacToeTests;
				PRODUCT_NAME = "$(TARGET_NAME)";
				SWIFT_EMIT_LOC_STRINGS = NO;
				SWIFT_VERSION = 5.0;
				TARGETED_DEVICE_FAMILY = "1,2";
				TEST_HOST = "$(BUILT_PRODUCTS_DIR)/TicTacToe.app/$(BUNDLE_EXECUTABLE_FOLDER_PATH)/TicTacToe";
			};
			name = Release;
		};
		F0DC294D2B5D2C7000966988 /* Debug */ = {
			isa = XCBuildConfiguration;
			buildSettings = {
				ALWAYS_EMBED_SWIFT_STANDARD_LIBRARIES = YES;
				CODE_SIGN_STYLE = Automatic;
				CURRENT_PROJECT_VERSION = 1;
				DEVELOPMENT_TEAM = 9FGCZRAZC6;
				GENERATE_INFOPLIST_FILE = YES;
				MARKETING_VERSION = 1.0;
				PRODUCT_BUNDLE_IDENTIFIER = brkdev.TicTacToeUITests;
				PRODUCT_NAME = "$(TARGET_NAME)";
				SWIFT_EMIT_LOC_STRINGS = NO;
				SWIFT_VERSION = 5.0;
				TARGETED_DEVICE_FAMILY = "1,2";
				TEST_TARGET_NAME = TicTacToe;
			};
			name = Debug;
		};
		F0DC294E2B5D2C7000966988 /* Release */ = {
			isa = XCBuildConfiguration;
			buildSettings = {
				ALWAYS_EMBED_SWIFT_STANDARD_LIBRARIES = YES;
				CODE_SIGN_STYLE = Automatic;
				CURRENT_PROJECT_VERSION = 1;
				DEVELOPMENT_TEAM = 9FGCZRAZC6;
				GENERATE_INFOPLIST_FILE = YES;
				MARKETING_VERSION = 1.0;
				PRODUCT_BUNDLE_IDENTIFIER = brkdev.TicTacToeUITests;
				PRODUCT_NAME = "$(TARGET_NAME)";
				SWIFT_EMIT_LOC_STRINGS = NO;
				SWIFT_VERSION = 5.0;
				TARGETED_DEVICE_FAMILY = "1,2";
				TEST_TARGET_NAME = TicTacToe;
			};
			name = Release;
		};
/* End XCBuildConfiguration section */

/* Begin XCConfigurationList section */
		F0DC291D2B5D2C6F00966988 /* Build configuration list for PBXProject "TicTacToe" */ = {
			isa = XCConfigurationList;
			buildConfigurations = (
				F0DC29442B5D2C7000966988 /* Debug */,
				F0DC29452B5D2C7000966988 /* Release */,
			);
			defaultConfigurationIsVisible = 0;
			defaultConfigurationName = Release;
		};
		F0DC29462B5D2C7000966988 /* Build configuration list for PBXNativeTarget "TicTacToe" */ = {
			isa = XCConfigurationList;
			buildConfigurations = (
				F0DC29472B5D2C7000966988 /* Debug */,
				F0DC29482B5D2C7000966988 /* Release */,
			);
			defaultConfigurationIsVisible = 0;
			defaultConfigurationName = Release;
		};
		F0DC29492B5D2C7000966988 /* Build configuration list for PBXNativeTarget "TicTacToeTests" */ = {
			isa = XCConfigurationList;
			buildConfigurations = (
				F0DC294A2B5D2C7000966988 /* Debug */,
				F0DC294B2B5D2C7000966988 /* Release */,
			);
			defaultConfigurationIsVisible = 0;
			defaultConfigurationName = Release;
		};
		F0DC294C2B5D2C7000966988 /* Build configuration list for PBXNativeTarget "TicTacToeUITests" */ = {
			isa = XCConfigurationList;
			buildConfigurations = (
				F0DC294D2B5D2C7000966988 /* Debug */,
				F0DC294E2B5D2C7000966988 /* Release */,
			);
			defaultConfigurationIsVisible = 0;
			defaultConfigurationName = Release;
		};
/* End XCConfigurationList section */
	};
	rootObject = F0DC291A2B5D2C6F00966988 /* Project object */;
}
